
Microsoft Visual Studio Solution File, Format Version 12.00
# Visual Studio 15
VisualStudioVersion = 15.0.28307.168
MinimumVisualStudioVersion = 10.0.40219.1
Project("{FAE04EC0-301F-11D3-BF4B-00C04F79EFBC}") = "02TwoWayAdapter", "02TwoWayAdapter.csproj", "{58761C63-B3CC-4592-9947-59D388543E5B}"
EndProject
Project("{FAE04EC0-301F-11D3-BF4B-00C04F79EFBC}") = "02TwoWayAdapterTests", "..\02TwoWayAdapterTests\02TwoWayAdapterTests.csproj", "{76ECF431-9AEB-4539-A0A4-8F5312E29730}"
EndProject
Global
	GlobalSection(SolutionConfigurationPlatforms) = preSolution
		Debug|Any CPU = Debug|Any CPU
		Release|Any CPU = Release|Any CPU
	EndGlobalSection
	GlobalSection(ProjectConfigurationPlatforms) = postSolution
		{58761C63-B3CC-4592-9947-59D388543E5B}.Debug|Any CPU.ActiveCfg = Debug|Any CPU
		{58761C63-B3CC-4592-9947-59D388543E5B}.Debug|Any CPU.Build.0 = Debug|Any CPU
		{58761C63-B3CC-4592-9947-59D388543E5B}.Release|Any CPU.ActiveCfg = Release|Any CPU
		{58761C63-B3CC-4592-9947-59D388543E5B}.Release|Any CPU.Build.0 = Release|Any CPU
		{76ECF431-9AEB-4539-A0A4-8F5312E29730}.Debug|Any CPU.ActiveCfg = Debug|Any CPU
		{76ECF431-9AEB-4539-A0A4-8F5312E29730}.Debug|Any CPU.Build.0 = Debug|Any CPU
		{76ECF431-9AEB-4539-A0A4-8F5312E29730}.Release|Any CPU.ActiveCfg = Release|Any CPU
		{76ECF431-9AEB-4539-A0A4-8F5312E29730}.Release|Any CPU.Build.0 = Release|Any CPU
	EndGlobalSection
	GlobalSection(SolutionProperties) = preSolution
		HideSolutionNode = FALSE
	EndGlobalSection
	GlobalSection(ExtensibilityGlobals) = postSolution
		SolutionGuid = {FB60DF6A-A2C8-48C4-B791-946A17AB70AA}
	EndGlobalSection
EndGlobal
